// !$*UTF8*$!
{
	archiveVersion = 1;
	classes = {
	};
	objectVersion = 50;
	objects = {

/* Begin PBXBuildFile section */
		18EDD9F02359670700DC318E /* AppDelegate.swift in Sources */ = {isa = PBXBuildFile; fileRef = 18EDD9EF2359670700DC318E /* AppDelegate.swift */; };
		18EDD9F22359670700DC318E /* SceneDelegate.swift in Sources */ = {isa = PBXBuildFile; fileRef = 18EDD9F12359670700DC318E /* SceneDelegate.swift */; };
		18EDD9F42359670700DC318E /* ViewController.swift in Sources */ = {isa = PBXBuildFile; fileRef = 18EDD9F32359670700DC318E /* ViewController.swift */; };
		18EDD9F72359670700DC318E /* Main.storyboard in Resources */ = {isa = PBXBuildFile; fileRef = 18EDD9F52359670700DC318E /* Main.storyboard */; };
		18EDD9F92359672200DC318E /* Assets.xcassets in Resources */ = {isa = PBXBuildFile; fileRef = 18EDD9F82359672200DC318E /* Assets.xcassets */; };
		18EDD9FC2359672200DC318E /* LaunchScreen.storyboard in Resources */ = {isa = PBXBuildFile; fileRef = 18EDD9FA2359672200DC318E /* LaunchScreen.storyboard */; };
		18EDDA072359672300DC318E /* FlixTests.swift in Sources */ = {isa = PBXBuildFile; fileRef = 18EDDA062359672300DC318E /* FlixTests.swift */; };
		18EDDA122359672300DC318E /* FlixUITests.swift in Sources */ = {isa = PBXBuildFile; fileRef = 18EDDA112359672300DC318E /* FlixUITests.swift */; };
/* End PBXBuildFile section */

/* Begin PBXContainerItemProxy section */
		18EDDA032359672300DC318E /* PBXContainerItemProxy */ = {
			isa = PBXContainerItemProxy;
			containerPortal = 18EDD9E42359670700DC318E /* Project object */;
			proxyType = 1;
			remoteGlobalIDString = 18EDD9EB2359670700DC318E;
			remoteInfo = Flix;
		};
		18EDDA0E2359672300DC318E /* PBXContainerItemProxy */ = {
			isa = PBXContainerItemProxy;
			containerPortal = 18EDD9E42359670700DC318E /* Project object */;
			proxyType = 1;
			remoteGlobalIDString = 18EDD9EB2359670700DC318E;
			remoteInfo = Flix;
		};
/* End PBXContainerItemProxy section */

/* Begin PBXFileReference section */
		18EDD9EC2359670700DC318E /* Flix.app */ = {isa = PBXFileReference; explicitFileType = wrapper.application; includeInIndex = 0; path = Flix.app; sourceTree = BUILT_PRODUCTS_DIR; };
		18EDD9EF2359670700DC318E /* AppDelegate.swift */ = {isa = PBXFileReference; lastKnownFileType = sourcecode.swift; path = AppDelegate.swift; sourceTree = "<group>"; };
		18EDD9F12359670700DC318E /* SceneDelegate.swift */ = {isa = PBXFileReference; lastKnownFileType = sourcecode.swift; path = SceneDelegate.swift; sourceTree = "<group>"; };
		18EDD9F32359670700DC318E /* ViewController.swift */ = {isa = PBXFileReference; lastKnownFileType = sourcecode.swift; path = ViewController.swift; sourceTree = "<group>"; };
		18EDD9F62359670700DC318E /* Base */ = {isa = PBXFileReference; lastKnownFileType = file.storyboard; name = Base; path = Base.lproj/Main.storyboard; sourceTree = "<group>"; };
		18EDD9F82359672200DC318E /* Assets.xcassets */ = {isa = PBXFileReference; lastKnownFileType = folder.assetcatalog; path = Assets.xcassets; sourceTree = "<group>"; };
		18EDD9FB2359672200DC318E /* Base */ = {isa = PBXFileReference; lastKnownFileType = file.storyboard; name = Base; path = Base.lproj/LaunchScreen.storyboard; sourceTree = "<group>"; };
		18EDD9FD2359672200DC318E /* Info.plist */ = {isa = PBXFileReference; lastKnownFileType = text.plist.xml; path = Info.plist; sourceTree = "<group>"; };
		18EDDA022359672300DC318E /* FlixTests.xctest */ = {isa = PBXFileReference; explicitFileType = wrapper.cfbundle; includeInIndex = 0; path = FlixTests.xctest; sourceTree = BUILT_PRODUCTS_DIR; };
		18EDDA062359672300DC318E /* FlixTests.swift */ = {isa = PBXFileReference; lastKnownFileType = sourcecode.swift; path = FlixTests.swift; sourceTree = "<group>"; };
		18EDDA082359672300DC318E /* Info.plist */ = {isa = PBXFileReference; lastKnownFileType = text.plist.xml; path = Info.plist; sourceTree = "<group>"; };
		18EDDA0D2359672300DC318E /* FlixUITests.xctest */ = {isa = PBXFileReference; explicitFileType = wrapper.cfbundle; includeInIndex = 0; path = FlixUITests.xctest; sourceTree = BUILT_PRODUCTS_DIR; };
		18EDDA112359672300DC318E /* FlixUITests.swift */ = {isa = PBXFileReference; lastKnownFileType = sourcecode.swift; path = FlixUITests.swift; sourceTree = "<group>"; };
		18EDDA132359672300DC318E /* Info.plist */ = {isa = PBXFileReference; lastKnownFileType = text.plist.xml; path = Info.plist; sourceTree = "<group>"; };
/* End PBXFileReference section */

/* Begin PBXFrameworksBuildPhase section */
		18EDD9E92359670700DC318E /* Frameworks */ = {
			isa = PBXFrameworksBuildPhase;
			buildActionMask = 2147483647;
			files = (
			);
			runOnlyForDeploymentPostprocessing = 0;
		};
		18EDD9FF2359672300DC318E /* Frameworks */ = {
			isa = PBXFrameworksBuildPhase;
			buildActionMask = 2147483647;
			files = (
			);
			runOnlyForDeploymentPostprocessing = 0;
		};
		18EDDA0A2359672300DC318E /* Frameworks */ = {
			isa = PBXFrameworksBuildPhase;
			buildActionMask = 2147483647;
			files = (
			);
			runOnlyForDeploymentPostprocessing = 0;
		};
/* End PBXFrameworksBuildPhase section */

/* Begin PBXGroup section */
		18EDD9E32359670700DC318E = {
			isa = PBXGroup;
			children = (
				18EDD9EE2359670700DC318E /* Flix */,
				18EDDA052359672300DC318E /* FlixTests */,
				18EDDA102359672300DC318E /* FlixUITests */,
				18EDD9ED2359670700DC318E /* Products */,
			);
			sourceTree = "<group>";
		};
		18EDD9ED2359670700DC318E /* Products */ = {
			isa = PBXGroup;
			children = (
				18EDD9EC2359670700DC318E /* Flix.app */,
				18EDDA022359672300DC318E /* FlixTests.xctest */,
				18EDDA0D2359672300DC318E /* FlixUITests.xctest */,
			);
			name = Products;
			sourceTree = "<group>";
		};
		18EDD9EE2359670700DC318E /* Flix */ = {
			isa = PBXGroup;
			children = (
				18EDD9EF2359670700DC318E /* AppDelegate.swift */,
				18EDD9F12359670700DC318E /* SceneDelegate.swift */,
				18EDD9F32359670700DC318E /* ViewController.swift */,
				18EDD9F52359670700DC318E /* Main.storyboard */,
				18EDD9F82359672200DC318E /* Assets.xcassets */,
				18EDD9FA2359672200DC318E /* LaunchScreen.storyboard */,
				18EDD9FD2359672200DC318E /* Info.plist */,
			);
			path = Flix;
			sourceTree = "<group>";
		};
		18EDDA052359672300DC318E /* FlixTests */ = {
			isa = PBXGroup;
			children = (
				18EDDA062359672300DC318E /* FlixTests.swift */,
				18EDDA082359672300DC318E /* Info.plist */,
			);
			path = FlixTests;
			sourceTree = "<group>";
		};
		18EDDA102359672300DC318E /* FlixUITests */ = {
			isa = PBXGroup;
			children = (
				18EDDA112359672300DC318E /* FlixUITests.swift */,
				18EDDA132359672300DC318E /* Info.plist */,
			);
			path = FlixUITests;
			sourceTree = "<group>";
		};
/* End PBXGroup section */

/* Begin PBXNativeTarget section */
		18EDD9EB2359670700DC318E /* Flix */ = {
			isa = PBXNativeTarget;
			buildConfigurationList = 18EDDA162359672300DC318E /* Build configuration list for PBXNativeTarget "Flix" */;
			buildPhases = (
				18EDD9E82359670700DC318E /* Sources */,
				18EDD9E92359670700DC318E /* Frameworks */,
				18EDD9EA2359670700DC318E /* Resources */,
			);
			buildRules = (
			);
			dependencies = (
			);
			name = Flix;
			productName = Flix;
			productReference = 18EDD9EC2359670700DC318E /* Flix.app */;
			productType = "com.apple.product-type.application";
		};
		18EDDA012359672300DC318E /* FlixTests */ = {
			isa = PBXNativeTarget;
			buildConfigurationList = 18EDDA192359672300DC318E /* Build configuration list for PBXNativeTarget "FlixTests" */;
			buildPhases = (
				18EDD9FE2359672300DC318E /* Sources */,
				18EDD9FF2359672300DC318E /* Frameworks */,
				18EDDA002359672300DC318E /* Resources */,
			);
			buildRules = (
			);
			dependencies = (
				18EDDA042359672300DC318E /* PBXTargetDependency */,
			);
			name = FlixTests;
			productName = FlixTests;
			productReference = 18EDDA022359672300DC318E /* FlixTests.xctest */;
			productType = "com.apple.product-type.bundle.unit-test";
		};
		18EDDA0C2359672300DC318E /* FlixUITests */ = {
			isa = PBXNativeTarget;
			buildConfigurationList = 18EDDA1C2359672300DC318E /* Build configuration list for PBXNativeTarget "FlixUITests" */;
			buildPhases = (
				18EDDA092359672300DC318E /* Sources */,
				18EDDA0A2359672300DC318E /* Frameworks */,
				18EDDA0B2359672300DC318E /* Resources */,
			);
			buildRules = (
			);
			dependencies = (
				18EDDA0F2359672300DC318E /* PBXTargetDependency */,
			);
			name = FlixUITests;
			productName = FlixUITests;
			productReference = 18EDDA0D2359672300DC318E /* FlixUITests.xctest */;
			productType = "com.apple.product-type.bundle.ui-testing";
		};
/* End PBXNativeTarget section */

/* Begin PBXProject section */
		18EDD9E42359670700DC318E /* Project object */ = {
			isa = PBXProject;
			attributes = {
				LastSwiftUpdateCheck = 1100;
				LastUpgradeCheck = 1100;
				ORGANIZATIONNAME = dan;
				TargetAttributes = {
					18EDD9EB2359670700DC318E = {
						CreatedOnToolsVersion = 11.0;
					};
					18EDDA012359672300DC318E = {
						CreatedOnToolsVersion = 11.0;
						TestTargetID = 18EDD9EB2359670700DC318E;
					};
					18EDDA0C2359672300DC318E = {
						CreatedOnToolsVersion = 11.0;
						TestTargetID = 18EDD9EB2359670700DC318E;
					};
				};
			};
			buildConfigurationList = 18EDD9E72359670700DC318E /* Build configuration list for PBXProject "Flix" */;
			compatibilityVersion = "Xcode 9.3";
			developmentRegion = en;
			hasScannedForEncodings = 0;
			knownRegions = (
				en,
				Base,
			);
			mainGroup = 18EDD9E32359670700DC318E;
			productRefGroup = 18EDD9ED2359670700DC318E /* Products */;
			projectDirPath = "";
			projectRoot = "";
			targets = (
				18EDD9EB2359670700DC318E /* Flix */,
				18EDDA012359672300DC318E /* FlixTests */,
				18EDDA0C2359672300DC318E /* FlixUITests */,
			);
		};
/* End PBXProject section */

/* Begin PBXResourcesBuildPhase section */
		18EDD9EA2359670700DC318E /* Resources */ = {
			isa = PBXResourcesBuildPhase;
			buildActionMask = 2147483647;
			files = (
				18EDD9FC2359672200DC318E /* LaunchScreen.storyboard in Resources */,
				18EDD9F92359672200DC318E /* Assets.xcassets in Resources */,
				18EDD9F72359670700DC318E /* Main.storyboard in Resources */,
			);
			runOnlyForDeploymentPostprocessing = 0;
		};
		18EDDA002359672300DC318E /* Resources */ = {
			isa = PBXResourcesBuildPhase;
			buildActionMask = 2147483647;
			files = (
			);
			runOnlyForDeploymentPostprocessing = 0;
		};
		18EDDA0B2359672300DC318E /* Resources */ = {
			isa = PBXResourcesBuildPhase;
			buildActionMask = 2147483647;
			files = (
			);
			runOnlyForDeploymentPostprocessing = 0;
		};
/* End PBXResourcesBuildPhase section */

/* Begin PBXSourcesBuildPhase section */
		18EDD9E82359670700DC318E /* Sources */ = {
			isa = PBXSourcesBuildPhase;
			buildActionMask = 2147483647;
			files = (
				18EDD9F42359670700DC318E /* ViewController.swift in Sources */,
				18EDD9F02359670700DC318E /* AppDelegate.swift in Sources */,
				18EDD9F22359670700DC318E /* SceneDelegate.swift in Sources */,
			);
			runOnlyForDeploymentPostprocessing = 0;
		};
		18EDD9FE2359672300DC318E /* Sources */ = {
			isa = PBXSourcesBuildPhase;
			buildActionMask = 2147483647;
			files = (
				18EDDA072359672300DC318E /* FlixTests.swift in Sources */,
			);
			runOnlyForDeploymentPostprocessing = 0;
		};
		18EDDA092359672300DC318E /* Sources */ = {
			isa = PBXSourcesBuildPhase;
			buildActionMask = 2147483647;
			files = (
				18EDDA122359672300DC318E /* FlixUITests.swift in Sources */,
			);
			runOnlyForDeploymentPostprocessing = 0;
		};
/* End PBXSourcesBuildPhase section */

/* Begin PBXTargetDependency section */
		18EDDA042359672300DC318E /* PBXTargetDependency */ = {
			isa = PBXTargetDependency;
			target = 18EDD9EB2359670700DC318E /* Flix */;
			targetProxy = 18EDDA032359672300DC318E /* PBXContainerItemProxy */;
		};
		18EDDA0F2359672300DC318E /* PBXTargetDependency */ = {
			isa = PBXTargetDependency;
			target = 18EDD9EB2359670700DC318E /* Flix */;
			targetProxy = 18EDDA0E2359672300DC318E /* PBXContainerItemProxy */;
		};
/* End PBXTargetDependency section */

/* Begin PBXVariantGroup section */
		18EDD9F52359670700DC318E /* Main.storyboard */ = {
			isa = PBXVariantGroup;
			children = (
				18EDD9F62359670700DC318E /* Base */,
			);
			name = Main.storyboard;
			sourceTree = "<group>";
		};
		18EDD9FA2359672200DC318E /* LaunchScreen.storyboard */ = {
			isa = PBXVariantGroup;
			children = (
				18EDD9FB2359672200DC318E /* Base */,
			);
			name = LaunchScreen.storyboard;
			sourceTree = "<group>";
		};
/* End PBXVariantGroup section */

/* Begin XCBuildConfiguration section */
		18EDDA142359672300DC318E /* Debug */ = {
			isa = XCBuildConfiguration;
			buildSettings = {
				ALWAYS_SEARCH_USER_PATHS = NO;
				CLANG_ANALYZER_NONNULL = YES;
				CLANG_ANALYZER_NUMBER_OBJECT_CONVERSION = YES_AGGRESSIVE;
				CLANG_CXX_LANGUAGE_STANDARD = "gnu++14";
				CLANG_CXX_LIBRARY = "libc++";
				CLANG_ENABLE_MODULES = YES;
				CLANG_ENABLE_OBJC_ARC = YES;
				CLANG_ENABLE_OBJC_WEAK = YES;
				CLANG_WARN_BLOCK_CAPTURE_AUTORELEASING = YES;
				CLANG_WARN_BOOL_CONVERSION = YES;
				CLANG_WARN_COMMA = YES;
				CLANG_WARN_CONSTANT_CONVERSION = YES;
				CLANG_WARN_DEPRECATED_OBJC_IMPLEMENTATIONS = YES;
				CLANG_WARN_DIRECT_OBJC_ISA_USAGE = YES_ERROR;
				CLANG_WARN_DOCUMENTATION_COMMENTS = YES;
				CLANG_WARN_EMPTY_BODY = YES;
				CLANG_WARN_ENUM_CONVERSION = YES;
				CLANG_WARN_INFINITE_RECURSION = YES;
				CLANG_WARN_INT_CONVERSION = YES;
				CLANG_WARN_NON_LITERAL_NULL_CONVERSION = YES;
				CLANG_WARN_OBJC_IMPLICIT_RETAIN_SELF = YES;
				CLANG_WARN_OBJC_LITERAL_CONVERSION = YES;
				CLANG_WARN_OBJC_ROOT_CLASS = YES_ERROR;
				CLANG_WARN_RANGE_LOOP_ANALYSIS = YES;
				CLANG_WARN_STRICT_PROTOTYPES = YES;
				CLANG_WARN_SUSPICIOUS_MOVE = YES;
				CLANG_WARN_UNGUARDED_AVAILABILITY = YES_AGGRESSIVE;
				CLANG_WARN_UNREACHABLE_CODE = YES;
				CLANG_WARN__DUPLICATE_METHOD_MATCH = YES;
				COPY_PHASE_STRIP = NO;
				DEBUG_INFORMATION_FORMAT = dwarf;
				ENABLE_STRICT_OBJC_MSGSEND = YES;
				ENABLE_TESTABILITY = YES;
				GCC_C_LANGUAGE_STANDARD = gnu11;
				GCC_DYNAMIC_NO_PIC = NO;
				GCC_NO_COMMON_BLOCKS = YES;
				GCC_OPTIMIZATION_LEVEL = 0;
				GCC_PREPROCESSOR_DEFINITIONS = (
					"DEBUG=1",
					"$(inherited)",
				);
				GCC_WARN_64_TO_32_BIT_CONVERSION = YES;
				GCC_WARN_ABOUT_RETURN_TYPE = YES_ERROR;
				GCC_WARN_UNDECLARED_SELECTOR = YES;
				GCC_WARN_UNINITIALIZED_AUTOS = YES_AGGRESSIVE;
				GCC_WARN_UNUSED_FUNCTION = YES;
				GCC_WARN_UNUSED_VARIABLE = YES;
				IPHONEOS_DEPLOYMENT_TARGET = 13.0;
				MTL_ENABLE_DEBUG_INFO = INCLUDE_SOURCE;
				MTL_FAST_MATH = YES;
				ONLY_ACTIVE_ARCH = YES;
				SDKROOT = iphoneos;
				SWIFT_ACTIVE_COMPILATION_CONDITIONS = DEBUG;
				SWIFT_OPTIMIZATION_LEVEL = "-Onone";
			};
			name = Debug;
		};
		18EDDA152359672300DC318E /* Release */ = {
			isa = XCBuildConfiguration;
			buildSettings = {
				ALWAYS_SEARCH_USER_PATHS = NO;
				CLANG_ANALYZER_NONNULL = YES;
				CLANG_ANALYZER_NUMBER_OBJECT_CONVERSION = YES_AGGRESSIVE;
				CLANG_CXX_LANGUAGE_STANDARD = "gnu++14";
				CLANG_CXX_LIBRARY = "libc++";
				CLANG_ENABLE_MODULES = YES;
				CLANG_ENABLE_OBJC_ARC = YES;
				CLANG_ENABLE_OBJC_WEAK = YES;
				CLANG_WARN_BLOCK_CAPTURE_AUTORELEASING = YES;
				CLANG_WARN_BOOL_CONVERSION = YES;
				CLANG_WARN_COMMA = YES;
				CLANG_WARN_CONSTANT_CONVERSION = YES;
				CLANG_WARN_DEPRECATED_OBJC_IMPLEMENTATIONS = YES;
				CLANG_WARN_DIRECT_OBJC_ISA_USAGE = YES_ERROR;
				CLANG_WARN_DOCUMENTATION_COMMENTS = YES;
				CLANG_WARN_EMPTY_BODY = YES;
				CLANG_WARN_ENUM_CONVERSION = YES;
				CLANG_WARN_INFINITE_RECURSION = YES;
				CLANG_WARN_INT_CONVERSION = YES;
				CLANG_WARN_NON_LITERAL_NULL_CONVERSION = YES;
				CLANG_WARN_OBJC_IMPLICIT_RETAIN_SELF = YES;
				CLANG_WARN_OBJC_LITERAL_CONVERSION = YES;
				CLANG_WARN_OBJC_ROOT_CLASS = YES_ERROR;
				CLANG_WARN_RANGE_LOOP_ANALYSIS = YES;
				CLANG_WARN_STRICT_PROTOTYPES = YES;
				CLANG_WARN_SUSPICIOUS_MOVE = YES;
				CLANG_WARN_UNGUARDED_AVAILABILITY = YES_AGGRESSIVE;
				CLANG_WARN_UNREACHABLE_CODE = YES;
				CLANG_WARN__DUPLICATE_METHOD_MATCH = YES;
				COPY_PHASE_STRIP = NO;
				DEBUG_INFORMATION_FORMAT = "dwarf-with-dsym";
				ENABLE_NS_ASSERTIONS = NO;
				ENABLE_STRICT_OBJC_MSGSEND = YES;
				GCC_C_LANGUAGE_STANDARD = gnu11;
				GCC_NO_COMMON_BLOCKS = YES;
				GCC_WARN_64_TO_32_BIT_CONVERSION = YES;
				GCC_WARN_ABOUT_RETURN_TYPE = YES_ERROR;
				GCC_WARN_UNDECLARED_SELECTOR = YES;
				GCC_WARN_UNINITIALIZED_AUTOS = YES_AGGRESSIVE;
				GCC_WARN_UNUSED_FUNCTION = YES;
				GCC_WARN_UNUSED_VARIABLE = YES;
				IPHONEOS_DEPLOYMENT_TARGET = 13.0;
				MTL_ENABLE_DEBUG_INFO = NO;
				MTL_FAST_MATH = YES;
				SDKROOT = iphoneos;
				SWIFT_COMPILATION_MODE = wholemodule;
				SWIFT_OPTIMIZATION_LEVEL = "-O";
				VALIDATE_PRODUCT = YES;
			};
			name = Release;
		};
		18EDDA172359672300DC318E /* Debug */ = {
			isa = XCBuildConfiguration;
			buildSettings = {
				ASSETCATALOG_COMPILER_APPICON_NAME = AppIcon;
				CODE_SIGN_STYLE = Automatic;
				INFOPLIST_FILE = Flix/Info.plist;
				LD_RUNPATH_SEARCH_PATHS = (
					"$(inherited)",
					"@executable_path/Frameworks",
				);
				PRODUCT_BUNDLE_IDENTIFIER = codepath.Flix;
				PRODUCT_NAME = "$(TARGET_NAME)";
				SWIFT_VERSION = 5.0;
				TARGETED_DEVICE_FAMILY = "1,2";
			};
			name = Debug;
		};
		18EDDA182359672300DC318E /* Release */ = {
			isa = XCBuildConfiguration;
			buildSettings = {
				ASSETCATALOG_COMPILER_APPICON_NAME = AppIcon;
				CODE_SIGN_STYLE = Automatic;
				INFOPLIST_FILE = Flix/Info.plist;
				LD_RUNPATH_SEARCH_PATHS = (
					"$(inherited)",
					"@executable_path/Frameworks",
				);
				PRODUCT_BUNDLE_IDENTIFIER = codepath.Flix;
				PRODUCT_NAME = "$(TARGET_NAME)";
				SWIFT_VERSION = 5.0;
				TARGETED_DEVICE_FAMILY = "1,2";
			};
			name = Release;
		};
		18EDDA1A2359672300DC318E /* Debug */ = {
			isa = XCBuildConfiguration;
			buildSettings = {
				ALWAYS_EMBED_SWIFT_STANDARD_LIBRARIES = YES;
				BUNDLE_LOADER = "$(TEST_HOST)";
				CODE_SIGN_STYLE = Automatic;
				INFOPLIST_FILE = FlixTests/Info.plist;
				IPHONEOS_DEPLOYMENT_TARGET = 13.0;
				LD_RUNPATH_SEARCH_PATHS = (
					"$(inherited)",
					"@executable_path/Frameworks",
					"@loader_path/Frameworks",
				);
				PRODUCT_BUNDLE_IDENTIFIER = codepath.FlixTests;
				PRODUCT_NAME = "$(TARGET_NAME)";
				SWIFT_VERSION = 5.0;
				TARGETED_DEVICE_FAMILY = "1,2";
				TEST_HOST = "$(BUILT_PRODUCTS_DIR)/Flix.app/Flix";
			};
			name = Debug;
		};
		18EDDA1B2359672300DC318E /* Release */ = {
			isa = XCBuildConfiguration;
			buildSettings = {
				ALWAYS_EMBED_SWIFT_STANDARD_LIBRARIES = YES;
				BUNDLE_LOADER = "$(TEST_HOST)";
				CODE_SIGN_STYLE = Automatic;
				INFOPLIST_FILE = FlixTests/Info.plist;
				IPHONEOS_DEPLOYMENT_TARGET = 13.0;
				LD_RUNPATH_SEARCH_PATHS = (
					"$(inherited)",
					"@executable_path/Frameworks",
					"@loader_path/Frameworks",
				);
				PRODUCT_BUNDLE_IDENTIFIER = codepath.FlixTests;
				PRODUCT_NAME = "$(TARGET_NAME)";
				SWIFT_VERSION = 5.0;
				TARGETED_DEVICE_FAMILY = "1,2";
				TEST_HOST = "$(BUILT_PRODUCTS_DIR)/Flix.app/Flix";
			};
			name = Release;
		};
		18EDDA1D2359672300DC318E /* Debug */ = {
			isa = XCBuildConfiguration;
			buildSettings = {
				ALWAYS_EMBED_SWIFT_STANDARD_LIBRARIES = YES;
				CODE_SIGN_STYLE = Automatic;
				INFOPLIST_FILE = FlixUITests/Info.plist;
				LD_RUNPATH_SEARCH_PATHS = (
					"$(inherited)",
					"@executable_path/Frameworks",
					"@loader_path/Frameworks",
				);
				PRODUCT_BUNDLE_IDENTIFIER = codepath.FlixUITests;
				PRODUCT_NAME = "$(TARGET_NAME)";
				SWIFT_VERSION = 5.0;
				TARGETED_DEVICE_FAMILY = "1,2";
				TEST_TARGET_NAME = Flix;
			};
			name = Debug;
		};
		18EDDA1E2359672300DC318E /* Release */ = {
			isa = XCBuildConfiguration;
			buildSettings = {
				ALWAYS_EMBED_SWIFT_STANDARD_LIBRARIES = YES;
				CODE_SIGN_STYLE = Automatic;
				INFOPLIST_FILE = FlixUITests/Info.plist;
				LD_RUNPATH_SEARCH_PATHS = (
					"$(inherited)",
					"@executable_path/Frameworks",
					"@loader_path/Frameworks",
				);
				PRODUCT_BUNDLE_IDENTIFIER = codepath.FlixUITests;
				PRODUCT_NAME = "$(TARGET_NAME)";
				SWIFT_VERSION = 5.0;
				TARGETED_DEVICE_FAMILY = "1,2";
				TEST_TARGET_NAME = Flix;
			};
			name = Release;
		};
/* End XCBuildConfiguration section */

/* Begin XCConfigurationList section */
		18EDD9E72359670700DC318E /* Build configuration list for PBXProject "Flix" */ = {
			isa = XCConfigurationList;
			buildConfigurations = (
				18EDDA142359672300DC318E /* Debug */,
				18EDDA152359672300DC318E /* Release */,
			);
			defaultConfigurationIsVisible = 0;
			defaultConfigurationName = Release;
		};
		18EDDA162359672300DC318E /* Build configuration list for PBXNativeTarget "Flix" */ = {
			isa = XCConfigurationList;
			buildConfigurations = (
				18EDDA172359672300DC318E /* Debug */,
				18EDDA182359672300DC318E /* Release */,
			);
			defaultConfigurationIsVisible = 0;
			defaultConfigurationName = Release;
		};
		18EDDA192359672300DC318E /* Build configuration list for PBXNativeTarget "FlixTests" */ = {
			isa = XCConfigurationList;
			buildConfigurations = (
				18EDDA1A2359672300DC318E /* Debug */,
				18EDDA1B2359672300DC318E /* Release */,
			);
			defaultConfigurationIsVisible = 0;
			defaultConfigurationName = Release;
		};
		18EDDA1C2359672300DC318E /* Build configuration list for PBXNativeTarget "FlixUITests" */ = {
			isa = XCConfigurationList;
			buildConfigurations = (
				18EDDA1D2359672300DC318E /* Debug */,
				18EDDA1E2359672300DC318E /* Release */,
			);
			defaultConfigurationIsVisible = 0;
			defaultConfigurationName = Release;
		};
/* End XCConfigurationList section */
	};
	rootObject = 18EDD9E42359670700DC318E /* Project object */;
}
